
Microsoft Visual Studio Solution File, Format Version 12.00
# Visual Studio Version 17
VisualStudioVersion = 17.13.35919.96 d17.13
MinimumVisualStudioVersion = 10.0.40219.1
Project("{FAE04EC0-301F-11D3-BF4B-00C04F79EFBC}") = "CrossHood2", "CrossHood2\CrossHood2.csproj", "{7171D469-BBD4-4AAF-A0BC-2D137C89062C}"
EndProject
Global
	GlobalSection(SolutionConfigurationPlatforms) = preSolution
		Debug|Any CPU = Debug|Any CPU
		Release|Any CPU = Release|Any CPU
	EndGlobalSection
	GlobalSection(ProjectConfigurationPlatforms) = postSolution
		{7171D469-BBD4-4AAF-A0BC-2D137C89062C}.Debug|Any CPU.ActiveCfg = Debug|Any CPU
		{7171D469-BBD4-4AAF-A0BC-2D137C89062C}.Debug|Any CPU.Build.0 = Debug|Any CPU
		{7171D469-BBD4-4AAF-A0BC-2D137C89062C}.Release|Any CPU.ActiveCfg = Release|Any CPU
		{7171D469-BBD4-4AAF-A0BC-2D137C89062C}.Release|Any CPU.Build.0 = Release|Any CPU
	EndGlobalSection
	GlobalSection(SolutionProperties) = preSolution
		HideSolutionNode = FALSE
	EndGlobalSection
	GlobalSection(ExtensibilityGlobals) = postSolution
		SolutionGuid = {22D7EE22-E556-49CD-81E5-8A14504EE33B}
	EndGlobalSection
EndGlobal
